Microsoft Visual Studio Solution File, Format Version 12.00
# Visual Studio Version 17
VisualStudioVersion = 17.5.2.0
MinimumVisualStudioVersion = 10.0.40219.1
Project("{FAE04EC0-301F-11D3-BF4B-00C04F79EFBC}") = "LocalTextToSqlChat.Client", "LocalTextToSqlChat.Client\LocalTextToSqlChat.Client.csproj", "{0537E58A-5A9E-C359-A944-3D6CC4BA7D9B}"
EndProject
Project("{FAE04EC0-301F-11D3-BF4B-00C04F79EFBC}") = "LocalTextToSqlChat.Server", "LocalTextToSqlChat.Server\LocalTextToSqlChat.Server.csproj", "{3BB4AA91-0C35-05A0-60DC-AFD1D57951C5}"
EndProject
Global
	GlobalSection(SolutionConfigurationPlatforms) = preSolution
		Debug|Any CPU = Debug|Any CPU
		Release|Any CPU = Release|Any CPU
	EndGlobalSection
	GlobalSection(ProjectConfigurationPlatforms) = postSolution
		{0537E58A-5A9E-C359-A944-3D6CC4BA7D9B}.Debug|Any CPU.ActiveCfg = Debug|Any CPU
		{0537E58A-5A9E-C359-A944-3D6CC4BA7D9B}.Debug|Any CPU.Build.0 = Debug|Any CPU
		{0537E58A-5A9E-C359-A944-3D6CC4BA7D9B}.Release|Any CPU.ActiveCfg = Release|Any CPU
		{0537E58A-5A9E-C359-A944-3D6CC4BA7D9B}.Release|Any CPU.Build.0 = Release|Any CPU
		{3BB4AA91-0C35-05A0-60DC-AFD1D57951C5}.Debug|Any CPU.ActiveCfg = Debug|Any CPU
		{3BB4AA91-0C35-05A0-60DC-AFD1D57951C5}.Debug|Any CPU.Build.0 = Debug|Any CPU
		{3BB4AA91-0C35-05A0-60DC-AFD1D57951C5}.Release|Any CPU.ActiveCfg = Release|Any CPU
		{3BB4AA91-0C35-05A0-60DC-AFD1D57951C5}.Release|Any CPU.Build.0 = Release|Any CPU
	EndGlobalSection
	GlobalSection(SolutionProperties) = preSolution
		HideSolutionNode = FALSE
	EndGlobalSection
	GlobalSection(ExtensibilityGlobals) = postSolution
		SolutionGuid = {54C034F5-C568-4CB1-B004-9748584D3496}
	EndGlobalSection
EndGlobal
